<?xml version="1.0" encoding="utf-8"?>
<Project ToolsVersion="4.0" xmlns="http://schemas.microsoft.com/developer/msbuild/2003">
  <ItemGroup>
    <Filter Include="Source Files">
      <UniqueIdentifier>{4FC737F1-C7A5-4376-A066-2A32D752A2FF}</UniqueIdentifier>
      <Extensions>cpp;c;cc;cxx;c++;cppm;ixx;def;odl;idl;hpj;bat;asm;asmx</Extensions>
    </Filter>
    <Filter Include="Header Files">
      <UniqueIdentifier>{93995380-89BD-4b04-88EB-625FBE52EBFB}</UniqueIdentifier>
      <Extensions>h;hh;hpp;hxx;h++;hm;inl;inc;ipp;xsd</Extensions>
    </Filter>
    <Filter Include="Resource Files">
      <UniqueIdentifier>{67DA6AB6-F800-4c08-8B7A-83BB121AAD01}</UniqueIdentifier>
      <Extensions>rc;ico;cur;bmp;dlg;rc2;rct;bin;rgs;gif;jpg;jpeg;jpe;resx;tiff;tif;png;wav;mfcribbon-ms</Extensions>
    </Filter>
    <Filter Include="Header Files\libincludes">
      <UniqueIdentifier>{cf0b93db-3d31-4298-b5ec-b5140a59fa86}</UniqueIdentifier>
    </Filter>
    <Filter Include="Resource Files\math">
      <UniqueIdentifier>{85a5aae1-64af-4958-84a0-b6b15a169bcf}</UniqueIdentifier>
    </Filter>
    <Filter Include="Resource Files\random">
      <UniqueIdentifier>{fb506471-9d9b-401f-8dfa-1cf3bcb16fce}</UniqueIdentifier>
    </Filter>
  </ItemGroup>
  <ItemGroup>
    <ClCompile Include="source\gl.c">
      <Filter>Source Files</Filter>
    </ClCompile>
    <ClCompile Include="source\glNetwork.cpp">
      <Filter>Source Files</Filter>
    </ClCompile>
    <ClCompile Include="source\init.cpp">
      <Filter>Source Files</Filter>
    </ClCompile>
    <ClCompile Include="source\main.cpp">
      <Filter>Source Files</Filter>
    </ClCompile>
  </ItemGroup>
  <ItemGroup>
    <None Include="resources\fillrandom1darr.comp">
      <Filter>Resource Files\random</Filter>
    </None>
    <None Include="resources\fillrandom2darr.comp">
      <Filter>Resource Files\random</Filter>
    </None>
    <None Include="resources\matset1.comp">
      <Filter>Resource Files</Filter>
    </None>
    <None Include="resources\matset2.comp">
      <Filter>Resource Files</Filter>
    </None>
    <None Include="resources\vecadd1.comp">
      <Filter>Resource Files</Filter>
    </None>
    <None Include="resources\vecset1.comp">
      <Filter>Resource Files</Filter>
    </None>
    <None Include="resources\vecset2.comp">
      <Filter>Resource Files</Filter>
    </None>
    <None Include="4x4x4rand2darr.comp">
      <Filter>Resource Files\random</Filter>
    </None>
  </ItemGroup>
  <ItemGroup>
    <ClInclude Include="includes\glad\gl.h">
      <Filter>Header Files\libincludes</Filter>
    </ClInclude>
    <ClInclude Include="includes\GLFW\glfw3.h">
      <Filter>Header Files\libincludes</Filter>
    </ClInclude>
    <ClInclude Include="includes\GLFW\glfw3native.h">
      <Filter>Header Files\libincludes</Filter>
    </ClInclude>
    <ClInclude Include="includes\KHR\khrplatform.h">
      <Filter>Header Files\libincludes</Filter>
    </ClInclude>
    <ClInclude Include="source\glInit.hpp">
      <Filter>Header Files</Filter>
    </ClInclude>
    <ClInclude Include="source\glNetwork.hpp">
      <Filter>Header Files</Filter>
    </ClInclude>
  </ItemGroup>
</Project>