<?xml version="1.0" encoding="utf-8"?>
<Project ToolsVersion="4.0" xmlns="http://schemas.microsoft.com/developer/msbuild/2003">
  <ItemGroup>
    <Filter Include="Source Files">
      <UniqueIdentifier>{4FC737F1-C7A5-4376-A066-2A32D752A2FF}</UniqueIdentifier>
      <Extensions>cpp;c;cc;cxx;c++;cppm;ixx;def;odl;idl;hpj;bat;asm;asmx</Extensions>
    </Filter>
    <Filter Include="Header Files">
      <UniqueIdentifier>{93995380-89BD-4b04-88EB-625FBE52EBFB}</UniqueIdentifier>
      <Extensions>h;hh;hpp;hxx;h++;hm;inl;inc;ipp;xsd</Extensions>
    </Filter>
    <Filter Include="Resource Files">
      <UniqueIdentifier>{67DA6AB6-F800-4c08-8B7A-83BB121AAD01}</UniqueIdentifier>
      <Extensions>rc;ico;cur;bmp;dlg;rc2;rct;bin;rgs;gif;jpg;jpeg;jpe;resx;tiff;tif;png;wav;mfcribbon-ms</Extensions>
    </Filter>
    <Filter Include="Header Files\libincludes">
      <UniqueIdentifier>{cf0b93db-3d31-4298-b5ec-b5140a59fa86}</UniqueIdentifier>
    </Filter>
    <Filter Include="Resource Files\math">
      <UniqueIdentifier>{85a5aae1-64af-4958-84a0-b6b15a169bcf}</UniqueIdentifier>
    </Filter>
    <Filter Include="Resource Files\fillrand">
      <UniqueIdentifier>{fb506471-9d9b-401f-8dfa-1cf3bcb16fce}</UniqueIdentifier>
    </Filter>
    <Filter Include="Resource Files\math\single">
      <UniqueIdentifier>{b8faa5df-d865-46cd-adb6-a9c97384eb92}</UniqueIdentifier>
    </Filter>
    <Filter Include="Resource Files\math\group">
      <UniqueIdentifier>{8ab39572-9631-4bd4-98f8-d60cff7ba038}</UniqueIdentifier>
    </Filter>
  </ItemGroup>
  <ItemGroup>
    <ClInclude Include="GLFW\glfw3.h">
      <Filter>Header Files\libincludes</Filter>
    </ClInclude>
    <ClInclude Include="GLFW\glfw3native.h">
      <Filter>Header Files\libincludes</Filter>
    </ClInclude>
    <ClInclude Include="glInit.hpp">
      <Filter>Header Files</Filter>
    </ClInclude>
    <ClInclude Include="KHR\khrplatform.h">
      <Filter>Header Files\libincludes</Filter>
    </ClInclude>
    <ClInclude Include="glad\gl.h">
      <Filter>Header Files\libincludes</Filter>
    </ClInclude>
    <ClInclude Include="glNetwork.hpp">
      <Filter>Header Files</Filter>
    </ClInclude>
  </ItemGroup>
  <ItemGroup>
    <ClCompile Include="main.cpp">
      <Filter>Source Files</Filter>
    </ClCompile>
    <ClCompile Include="init.cpp">
      <Filter>Source Files</Filter>
    </ClCompile>
    <ClCompile Include="gl.c">
      <Filter>Source Files</Filter>
    </ClCompile>
    <ClCompile Include="glNetwork.cpp">
      <Filter>Source Files</Filter>
    </ClCompile>
  </ItemGroup>
  <ItemGroup>
    <None Include="fillrandom1d.comp">
      <Filter>Resource Files\fillrand</Filter>
    </None>
    <None Include="fillrandom1darr.comp">
      <Filter>Resource Files\fillrand</Filter>
    </None>
    <None Include="fillrandom2d.comp">
      <Filter>Resource Files\fillrand</Filter>
    </None>
    <None Include="fillrandom2darr.comp">
      <Filter>Resource Files\fillrand</Filter>
    </None>
    <None Include="matvecmul.comp">
      <Filter>Resource Files\math\single</Filter>
    </None>
    <None Include="vecrelu.comp">
      <Filter>Resource Files\math\single</Filter>
    </None>
    <None Include="vecvecadd.comp">
      <Filter>Resource Files\math\single</Filter>
    </None>
    <None Include="vecadd1.comp">
      <Filter>Resource Files</Filter>
    </None>
  </ItemGroup>
</Project>